// !$*UTF8*$!
{
	archiveVersion = 1;
	classes = {
	};
	objectVersion = 55;
	objects = {

/* Begin PBXBuildFile section */
		1F53E4C03CC03836E60EAC49 /* Pods_chart_view_swiftui.framework in Frameworks */ = {isa = PBXBuildFile; fileRef = F060407BBA82B283FF2936B1 /* Pods_chart_view_swiftui.framework */; };
		D310214F27A408E3004D9E97 /* ChartBlockViewMovel.swift in Sources */ = {isa = PBXBuildFile; fileRef = D310214E27A408E3004D9E97 /* ChartBlockViewMovel.swift */; };
		D310215127A40934004D9E97 /* ChartBlockVIew.swift in Sources */ = {isa = PBXBuildFile; fileRef = D310215027A40934004D9E97 /* ChartBlockVIew.swift */; };
		D310215327A4158C004D9E97 /* ChartBlockModel.swift in Sources */ = {isa = PBXBuildFile; fileRef = D310215227A4158C004D9E97 /* ChartBlockModel.swift */; };
		D314978C27A485EE003B63D8 /* MinMaxValueViewModel.swift in Sources */ = {isa = PBXBuildFile; fileRef = D314978B27A485EE003B63D8 /* MinMaxValueViewModel.swift */; };
		D314978E27A48704003B63D8 /* MinMaxValueModel.swift in Sources */ = {isa = PBXBuildFile; fileRef = D314978D27A48704003B63D8 /* MinMaxValueModel.swift */; };
		D314979227A48D20003B63D8 /* MinMaxValueView.swift in Sources */ = {isa = PBXBuildFile; fileRef = D314979127A48D20003B63D8 /* MinMaxValueView.swift */; };
		D31C5E6427A7DC6800567F73 /* Model.swift in Sources */ = {isa = PBXBuildFile; fileRef = D31C5E6327A7DC6800567F73 /* Model.swift */; };
		D331C4C627A70F5A00DBC565 /* CoordinateLineModel.swift in Sources */ = {isa = PBXBuildFile; fileRef = D331C4C527A70F5A00DBC565 /* CoordinateLineModel.swift */; };
		D331C4C827A70F7800DBC565 /* CoordinateLineView.swift in Sources */ = {isa = PBXBuildFile; fileRef = D331C4C727A70F7800DBC565 /* CoordinateLineView.swift */; };
		D331C4CA27A70F8600DBC565 /* CoordinateLineViewModel.swift in Sources */ = {isa = PBXBuildFile; fileRef = D331C4C927A70F8600DBC565 /* CoordinateLineViewModel.swift */; };
		D35AF9C327A19A86001A8A5B /* Сhart_view_swiftuiApp.swift in Sources */ = {isa = PBXBuildFile; fileRef = D35AF9C227A19A86001A8A5B /* Сhart_view_swiftuiApp.swift */; };
		D35AF9C527A19A86001A8A5B /* ContentView.swift in Sources */ = {isa = PBXBuildFile; fileRef = D35AF9C427A19A86001A8A5B /* ContentView.swift */; };
		D35AF9C727A19A88001A8A5B /* Assets.xcassets in Resources */ = {isa = PBXBuildFile; fileRef = D35AF9C627A19A88001A8A5B /* Assets.xcassets */; };
		D35AF9CA27A19A88001A8A5B /* Preview Assets.xcassets in Resources */ = {isa = PBXBuildFile; fileRef = D35AF9C927A19A88001A8A5B /* Preview Assets.xcassets */; };
		D35AF9D527A1A186001A8A5B /* ChartViewModel.swift in Sources */ = {isa = PBXBuildFile; fileRef = D35AF9D427A1A186001A8A5B /* ChartViewModel.swift */; };
		D35AF9D727A1A191001A8A5B /* ChartView.swift in Sources */ = {isa = PBXBuildFile; fileRef = D35AF9D627A1A191001A8A5B /* ChartView.swift */; };
		D35AF9D927A1A1A4001A8A5B /* ChartModel.swift in Sources */ = {isa = PBXBuildFile; fileRef = D35AF9D827A1A1A4001A8A5B /* ChartModel.swift */; };
/* End PBXBuildFile section */

/* Begin PBXFileReference section */
		99D901BC37A5869ADFA9A994 /* Pods-chart-view-swiftui.debug.xcconfig */ = {isa = PBXFileReference; includeInIndex = 1; lastKnownFileType = text.xcconfig; name = "Pods-chart-view-swiftui.debug.xcconfig"; path = "Target Support Files/Pods-chart-view-swiftui/Pods-chart-view-swiftui.debug.xcconfig"; sourceTree = "<group>"; };
		ACB1B1ABE84517763E8BE12B /* Pods-chart-view-swiftui.release.xcconfig */ = {isa = PBXFileReference; includeInIndex = 1; lastKnownFileType = text.xcconfig; name = "Pods-chart-view-swiftui.release.xcconfig"; path = "Target Support Files/Pods-chart-view-swiftui/Pods-chart-view-swiftui.release.xcconfig"; sourceTree = "<group>"; };
		D310214E27A408E3004D9E97 /* ChartBlockViewMovel.swift */ = {isa = PBXFileReference; lastKnownFileType = sourcecode.swift; path = ChartBlockViewMovel.swift; sourceTree = "<group>"; };
		D310215027A40934004D9E97 /* ChartBlockVIew.swift */ = {isa = PBXFileReference; lastKnownFileType = sourcecode.swift; path = ChartBlockVIew.swift; sourceTree = "<group>"; };
		D310215227A4158C004D9E97 /* ChartBlockModel.swift */ = {isa = PBXFileReference; lastKnownFileType = sourcecode.swift; path = ChartBlockModel.swift; sourceTree = "<group>"; };
		D314978B27A485EE003B63D8 /* MinMaxValueViewModel.swift */ = {isa = PBXFileReference; lastKnownFileType = sourcecode.swift; path = MinMaxValueViewModel.swift; sourceTree = "<group>"; };
		D314978D27A48704003B63D8 /* MinMaxValueModel.swift */ = {isa = PBXFileReference; lastKnownFileType = sourcecode.swift; path = MinMaxValueModel.swift; sourceTree = "<group>"; };
		D314979127A48D20003B63D8 /* MinMaxValueView.swift */ = {isa = PBXFileReference; lastKnownFileType = sourcecode.swift; path = MinMaxValueView.swift; sourceTree = "<group>"; };
		D31C5E6327A7DC6800567F73 /* Model.swift */ = {isa = PBXFileReference; lastKnownFileType = sourcecode.swift; path = Model.swift; sourceTree = "<group>"; };
		D331C4C527A70F5A00DBC565 /* CoordinateLineModel.swift */ = {isa = PBXFileReference; lastKnownFileType = sourcecode.swift; path = CoordinateLineModel.swift; sourceTree = "<group>"; };
		D331C4C727A70F7800DBC565 /* CoordinateLineView.swift */ = {isa = PBXFileReference; lastKnownFileType = sourcecode.swift; path = CoordinateLineView.swift; sourceTree = "<group>"; };
		D331C4C927A70F8600DBC565 /* CoordinateLineViewModel.swift */ = {isa = PBXFileReference; lastKnownFileType = sourcecode.swift; path = CoordinateLineViewModel.swift; sourceTree = "<group>"; };
		D35AF9BF27A19A86001A8A5B /* chart-view-swiftui.app */ = {isa = PBXFileReference; explicitFileType = wrapper.application; includeInIndex = 0; path = "chart-view-swiftui.app"; sourceTree = BUILT_PRODUCTS_DIR; };
		D35AF9C227A19A86001A8A5B /* Сhart_view_swiftuiApp.swift */ = {isa = PBXFileReference; lastKnownFileType = sourcecode.swift; path = "Сhart_view_swiftuiApp.swift"; sourceTree = "<group>"; };
		D35AF9C427A19A86001A8A5B /* ContentView.swift */ = {isa = PBXFileReference; lastKnownFileType = sourcecode.swift; path = ContentView.swift; sourceTree = "<group>"; };
		D35AF9C627A19A88001A8A5B /* Assets.xcassets */ = {isa = PBXFileReference; lastKnownFileType = folder.assetcatalog; path = Assets.xcassets; sourceTree = "<group>"; };
		D35AF9C927A19A88001A8A5B /* Preview Assets.xcassets */ = {isa = PBXFileReference; lastKnownFileType = folder.assetcatalog; path = "Preview Assets.xcassets"; sourceTree = "<group>"; };
		D35AF9D427A1A186001A8A5B /* ChartViewModel.swift */ = {isa = PBXFileReference; lastKnownFileType = sourcecode.swift; path = ChartViewModel.swift; sourceTree = "<group>"; };
		D35AF9D627A1A191001A8A5B /* ChartView.swift */ = {isa = PBXFileReference; lastKnownFileType = sourcecode.swift; path = ChartView.swift; sourceTree = "<group>"; };
		D35AF9D827A1A1A4001A8A5B /* ChartModel.swift */ = {isa = PBXFileReference; lastKnownFileType = sourcecode.swift; path = ChartModel.swift; sourceTree = "<group>"; };
		F060407BBA82B283FF2936B1 /* Pods_chart_view_swiftui.framework */ = {isa = PBXFileReference; explicitFileType = wrapper.framework; includeInIndex = 0; path = Pods_chart_view_swiftui.framework; sourceTree = BUILT_PRODUCTS_DIR; };
/* End PBXFileReference section */

/* Begin PBXFrameworksBuildPhase section */
		D35AF9BC27A19A86001A8A5B /* Frameworks */ = {
			isa = PBXFrameworksBuildPhase;
			buildActionMask = 2147483647;
			files = (
				1F53E4C03CC03836E60EAC49 /* Pods_chart_view_swiftui.framework in Frameworks */,
			);
			runOnlyForDeploymentPostprocessing = 0;
		};
/* End PBXFrameworksBuildPhase section */

/* Begin PBXGroup section */
		4F8F563656345E6F9574BED4 /* Pods */ = {
			isa = PBXGroup;
			children = (
				99D901BC37A5869ADFA9A994 /* Pods-chart-view-swiftui.debug.xcconfig */,
				ACB1B1ABE84517763E8BE12B /* Pods-chart-view-swiftui.release.xcconfig */,
			);
			path = Pods;
			sourceTree = "<group>";
		};
		AB40E5F06490AE9E0D11D8E5 /* Frameworks */ = {
			isa = PBXGroup;
			children = (
				F060407BBA82B283FF2936B1 /* Pods_chart_view_swiftui.framework */,
			);
			name = Frameworks;
			sourceTree = "<group>";
		};
		D31C5E6527A7DC6E00567F73 /* Realm */ = {
			isa = PBXGroup;
			children = (
				D31C5E6327A7DC6800567F73 /* Model.swift */,
			);
			path = Realm;
			sourceTree = "<group>";
		};
		D35AF9B627A19A86001A8A5B = {
			isa = PBXGroup;
			children = (
				D35AF9C127A19A86001A8A5B /* chart-view-swiftui */,
				D35AF9C027A19A86001A8A5B /* Products */,
				4F8F563656345E6F9574BED4 /* Pods */,
				AB40E5F06490AE9E0D11D8E5 /* Frameworks */,
			);
			sourceTree = "<group>";
		};
		D35AF9C027A19A86001A8A5B /* Products */ = {
			isa = PBXGroup;
			children = (
				D35AF9BF27A19A86001A8A5B /* chart-view-swiftui.app */,
			);
			name = Products;
			sourceTree = "<group>";
		};
		D35AF9C127A19A86001A8A5B /* chart-view-swiftui */ = {
			isa = PBXGroup;
			children = (
				D35AF9D027A19B28001A8A5B /* App */,
				D35AF9D327A19B80001A8A5B /* Model */,
				D35AF9D127A19B53001A8A5B /* View */,
				D35AF9D227A19B5E001A8A5B /* ViewModel */,
				D35AF9C827A19A88001A8A5B /* Preview Content */,
				D35AF9C627A19A88001A8A5B /* Assets.xcassets */,
				D31C5E6527A7DC6E00567F73 /* Realm */,
			);
			path = "chart-view-swiftui";
			sourceTree = "<group>";
		};
		D35AF9C827A19A88001A8A5B /* Preview Content */ = {
			isa = PBXGroup;
			children = (
				D35AF9C927A19A88001A8A5B /* Preview Assets.xcassets */,
			);
			path = "Preview Content";
			sourceTree = "<group>";
		};
		D35AF9D027A19B28001A8A5B /* App */ = {
			isa = PBXGroup;
			children = (
				D35AF9C227A19A86001A8A5B /* Сhart_view_swiftuiApp.swift */,
			);
			path = App;
			sourceTree = "<group>";
		};
		D35AF9D127A19B53001A8A5B /* View */ = {
			isa = PBXGroup;
			children = (
				D35AF9C427A19A86001A8A5B /* ContentView.swift */,
				D35AF9D627A1A191001A8A5B /* ChartView.swift */,
				D310215027A40934004D9E97 /* ChartBlockVIew.swift */,
				D331C4C727A70F7800DBC565 /* CoordinateLineView.swift */,
				D314979127A48D20003B63D8 /* MinMaxValueView.swift */,
			);
			path = View;
			sourceTree = "<group>";
		};
		D35AF9D227A19B5E001A8A5B /* ViewModel */ = {
			isa = PBXGroup;
			children = (
				D35AF9D427A1A186001A8A5B /* ChartViewModel.swift */,
				D331C4C927A70F8600DBC565 /* CoordinateLineViewModel.swift */,
				D310214E27A408E3004D9E97 /* ChartBlockViewMovel.swift */,
				D314978B27A485EE003B63D8 /* MinMaxValueViewModel.swift */,
			);
			path = ViewModel;
			sourceTree = "<group>";
		};
		D35AF9D327A19B80001A8A5B /* Model */ = {
			isa = PBXGroup;
			children = (
				D35AF9D827A1A1A4001A8A5B /* ChartModel.swift */,
				D310215227A4158C004D9E97 /* ChartBlockModel.swift */,
				D314978D27A48704003B63D8 /* MinMaxValueModel.swift */,
				D331C4C527A70F5A00DBC565 /* CoordinateLineModel.swift */,
			);
			path = Model;
			sourceTree = "<group>";
		};
/* End PBXGroup section */

/* Begin PBXNativeTarget section */
		D35AF9BE27A19A86001A8A5B /* chart-view-swiftui */ = {
			isa = PBXNativeTarget;
			buildConfigurationList = D35AF9CD27A19A88001A8A5B /* Build configuration list for PBXNativeTarget "chart-view-swiftui" */;
			buildPhases = (
				6A451E4289DE9E0DFD5D0775 /* [CP] Check Pods Manifest.lock */,
				D35AF9BB27A19A86001A8A5B /* Sources */,
				D35AF9BC27A19A86001A8A5B /* Frameworks */,
				D35AF9BD27A19A86001A8A5B /* Resources */,
				90B26365BA149739A001F647 /* [CP] Embed Pods Frameworks */,
			);
			buildRules = (
			);
			dependencies = (
			);
			name = "chart-view-swiftui";
			productName = "chart-view-swiftui";
			productReference = D35AF9BF27A19A86001A8A5B /* chart-view-swiftui.app */;
			productType = "com.apple.product-type.application";
		};
/* End PBXNativeTarget section */

/* Begin PBXProject section */
		D35AF9B727A19A86001A8A5B /* Project object */ = {
			isa = PBXProject;
			attributes = {
				BuildIndependentTargetsInParallel = 1;
				LastSwiftUpdateCheck = 1320;
				LastUpgradeCheck = 1320;
				TargetAttributes = {
					D35AF9BE27A19A86001A8A5B = {
						CreatedOnToolsVersion = 13.2.1;
					};
				};
			};
			buildConfigurationList = D35AF9BA27A19A86001A8A5B /* Build configuration list for PBXProject "chart-view-swiftui" */;
			compatibilityVersion = "Xcode 13.0";
			developmentRegion = en;
			hasScannedForEncodings = 0;
			knownRegions = (
				en,
				Base,
			);
			mainGroup = D35AF9B627A19A86001A8A5B;
			productRefGroup = D35AF9C027A19A86001A8A5B /* Products */;
			projectDirPath = "";
			projectRoot = "";
			targets = (
				D35AF9BE27A19A86001A8A5B /* chart-view-swiftui */,
			);
		};
/* End PBXProject section */

/* Begin PBXResourcesBuildPhase section */
		D35AF9BD27A19A86001A8A5B /* Resources */ = {
			isa = PBXResourcesBuildPhase;
			buildActionMask = 2147483647;
			files = (
				D35AF9CA27A19A88001A8A5B /* Preview Assets.xcassets in Resources */,
				D35AF9C727A19A88001A8A5B /* Assets.xcassets in Resources */,
			);
			runOnlyForDeploymentPostprocessing = 0;
		};
/* End PBXResourcesBuildPhase section */

/* Begin PBXShellScriptBuildPhase section */
		6A451E4289DE9E0DFD5D0775 /* [CP] Check Pods Manifest.lock */ = {
			isa = PBXShellScriptBuildPhase;
			buildActionMask = 2147483647;
			files = (
			);
			inputFileListPaths = (
			);
			inputPaths = (
				"${PODS_PODFILE_DIR_PATH}/Podfile.lock",
				"${PODS_ROOT}/Manifest.lock",
			);
			name = "[CP] Check Pods Manifest.lock";
			outputFileListPaths = (
			);
			outputPaths = (
				"$(DERIVED_FILE_DIR)/Pods-chart-view-swiftui-checkManifestLockResult.txt",
			);
			runOnlyForDeploymentPostprocessing = 0;
			shellPath = /bin/sh;
			shellScript = "diff \"${PODS_PODFILE_DIR_PATH}/Podfile.lock\" \"${PODS_ROOT}/Manifest.lock\" > /dev/null\nif [ $? != 0 ] ; then\n    # print error to STDERR\n    echo \"error: The sandbox is not in sync with the Podfile.lock. Run 'pod install' or update your CocoaPods installation.\" >&2\n    exit 1\nfi\n# This output is used by Xcode 'outputs' to avoid re-running this script phase.\necho \"SUCCESS\" > \"${SCRIPT_OUTPUT_FILE_0}\"\n";
			showEnvVarsInLog = 0;
		};
		90B26365BA149739A001F647 /* [CP] Embed Pods Frameworks */ = {
			isa = PBXShellScriptBuildPhase;
			buildActionMask = 2147483647;
			files = (
			);
			inputFileListPaths = (
				"${PODS_ROOT}/Target Support Files/Pods-chart-view-swiftui/Pods-chart-view-swiftui-frameworks-${CONFIGURATION}-input-files.xcfilelist",
			);
			name = "[CP] Embed Pods Frameworks";
			outputFileListPaths = (
				"${PODS_ROOT}/Target Support Files/Pods-chart-view-swiftui/Pods-chart-view-swiftui-frameworks-${CONFIGURATION}-output-files.xcfilelist",
			);
			runOnlyForDeploymentPostprocessing = 0;
			shellPath = /bin/sh;
			shellScript = "\"${PODS_ROOT}/Target Support Files/Pods-chart-view-swiftui/Pods-chart-view-swiftui-frameworks.sh\"\n";
			showEnvVarsInLog = 0;
		};
/* End PBXShellScriptBuildPhase section */

/* Begin PBXSourcesBuildPhase section */
		D35AF9BB27A19A86001A8A5B /* Sources */ = {
			isa = PBXSourcesBuildPhase;
			buildActionMask = 2147483647;
			files = (
				D35AF9D527A1A186001A8A5B /* ChartViewModel.swift in Sources */,
				D35AF9C527A19A86001A8A5B /* ContentView.swift in Sources */,
				D35AF9C327A19A86001A8A5B /* Сhart_view_swiftuiApp.swift in Sources */,
				D310215127A40934004D9E97 /* ChartBlockVIew.swift in Sources */,
				D331C4CA27A70F8600DBC565 /* CoordinateLineViewModel.swift in Sources */,
				D31C5E6427A7DC6800567F73 /* Model.swift in Sources */,
				D314978C27A485EE003B63D8 /* MinMaxValueViewModel.swift in Sources */,
				D331C4C627A70F5A00DBC565 /* CoordinateLineModel.swift in Sources */,
				D314978E27A48704003B63D8 /* MinMaxValueModel.swift in Sources */,
				D331C4C827A70F7800DBC565 /* CoordinateLineView.swift in Sources */,
				D310214F27A408E3004D9E97 /* ChartBlockViewMovel.swift in Sources */,
				D35AF9D727A1A191001A8A5B /* ChartView.swift in Sources */,
				D310215327A4158C004D9E97 /* ChartBlockModel.swift in Sources */,
				D314979227A48D20003B63D8 /* MinMaxValueView.swift in Sources */,
				D35AF9D927A1A1A4001A8A5B /* ChartModel.swift in Sources */,
			);
			runOnlyForDeploymentPostprocessing = 0;
		};
/* End PBXSourcesBuildPhase section */

/* Begin XCBuildConfiguration section */
		D35AF9CB27A19A88001A8A5B /* Debug */ = {
			isa = XCBuildConfiguration;
			buildSettings = {
				ALWAYS_SEARCH_USER_PATHS = NO;
				CLANG_ANALYZER_NONNULL = YES;
				CLANG_ANALYZER_NUMBER_OBJECT_CONVERSION = YES_AGGRESSIVE;
				CLANG_CXX_LANGUAGE_STANDARD = "gnu++17";
				CLANG_CXX_LIBRARY = "libc++";
				CLANG_ENABLE_MODULES = YES;
				CLANG_ENABLE_OBJC_ARC = YES;
				CLANG_ENABLE_OBJC_WEAK = YES;
				CLANG_WARN_BLOCK_CAPTURE_AUTORELEASING = YES;
				CLANG_WARN_BOOL_CONVERSION = YES;
				CLANG_WARN_COMMA = YES;
				CLANG_WARN_CONSTANT_CONVERSION = YES;
				CLANG_WARN_DEPRECATED_OBJC_IMPLEMENTATIONS = YES;
				CLANG_WARN_DIRECT_OBJC_ISA_USAGE = YES_ERROR;
				CLANG_WARN_DOCUMENTATION_COMMENTS = YES;
				CLANG_WARN_EMPTY_BODY = YES;
				CLANG_WARN_ENUM_CONVERSION = YES;
				CLANG_WARN_INFINITE_RECURSION = YES;
				CLANG_WARN_INT_CONVERSION = YES;
				CLANG_WARN_NON_LITERAL_NULL_CONVERSION = YES;
				CLANG_WARN_OBJC_IMPLICIT_RETAIN_SELF = YES;
				CLANG_WARN_OBJC_LITERAL_CONVERSION = YES;
				CLANG_WARN_OBJC_ROOT_CLASS = YES_ERROR;
				CLANG_WARN_QUOTED_INCLUDE_IN_FRAMEWORK_HEADER = YES;
				CLANG_WARN_RANGE_LOOP_ANALYSIS = YES;
				CLANG_WARN_STRICT_PROTOTYPES = YES;
				CLANG_WARN_SUSPICIOUS_MOVE = YES;
				CLANG_WARN_UNGUARDED_AVAILABILITY = YES_AGGRESSIVE;
				CLANG_WARN_UNREACHABLE_CODE = YES;
				CLANG_WARN__DUPLICATE_METHOD_MATCH = YES;
				COPY_PHASE_STRIP = NO;
				DEBUG_INFORMATION_FORMAT = dwarf;
				ENABLE_STRICT_OBJC_MSGSEND = YES;
				ENABLE_TESTABILITY = YES;
				GCC_C_LANGUAGE_STANDARD = gnu11;
				GCC_DYNAMIC_NO_PIC = NO;
				GCC_NO_COMMON_BLOCKS = YES;
				GCC_OPTIMIZATION_LEVEL = 0;
				GCC_PREPROCESSOR_DEFINITIONS = (
					"DEBUG=1",
					"$(inherited)",
				);
				GCC_WARN_64_TO_32_BIT_CONVERSION = YES;
				GCC_WARN_ABOUT_RETURN_TYPE = YES_ERROR;
				GCC_WARN_UNDECLARED_SELECTOR = YES;
				GCC_WARN_UNINITIALIZED_AUTOS = YES_AGGRESSIVE;
				GCC_WARN_UNUSED_FUNCTION = YES;
				GCC_WARN_UNUSED_VARIABLE = YES;
				IPHONEOS_DEPLOYMENT_TARGET = 15.2;
				MTL_ENABLE_DEBUG_INFO = INCLUDE_SOURCE;
				MTL_FAST_MATH = YES;
				ONLY_ACTIVE_ARCH = YES;
				SDKROOT = iphoneos;
				SWIFT_ACTIVE_COMPILATION_CONDITIONS = DEBUG;
				SWIFT_OPTIMIZATION_LEVEL = "-Onone";
			};
			name = Debug;
		};
		D35AF9CC27A19A88001A8A5B /* Release */ = {
			isa = XCBuildConfiguration;
			buildSettings = {
				ALWAYS_SEARCH_USER_PATHS = NO;
				CLANG_ANALYZER_NONNULL = YES;
				CLANG_ANALYZER_NUMBER_OBJECT_CONVERSION = YES_AGGRESSIVE;
				CLANG_CXX_LANGUAGE_STANDARD = "gnu++17";
				CLANG_CXX_LIBRARY = "libc++";
				CLANG_ENABLE_MODULES = YES;
				CLANG_ENABLE_OBJC_ARC = YES;
				CLANG_ENABLE_OBJC_WEAK = YES;
				CLANG_WARN_BLOCK_CAPTURE_AUTORELEASING = YES;
				CLANG_WARN_BOOL_CONVERSION = YES;
				CLANG_WARN_COMMA = YES;
				CLANG_WARN_CONSTANT_CONVERSION = YES;
				CLANG_WARN_DEPRECATED_OBJC_IMPLEMENTATIONS = YES;
				CLANG_WARN_DIRECT_OBJC_ISA_USAGE = YES_ERROR;
				CLANG_WARN_DOCUMENTATION_COMMENTS = YES;
				CLANG_WARN_EMPTY_BODY = YES;
				CLANG_WARN_ENUM_CONVERSION = YES;
				CLANG_WARN_INFINITE_RECURSION = YES;
				CLANG_WARN_INT_CONVERSION = YES;
				CLANG_WARN_NON_LITERAL_NULL_CONVERSION = YES;
				CLANG_WARN_OBJC_IMPLICIT_RETAIN_SELF = YES;
				CLANG_WARN_OBJC_LITERAL_CONVERSION = YES;
				CLANG_WARN_OBJC_ROOT_CLASS = YES_ERROR;
				CLANG_WARN_QUOTED_INCLUDE_IN_FRAMEWORK_HEADER = YES;
				CLANG_WARN_RANGE_LOOP_ANALYSIS = YES;
				CLANG_WARN_STRICT_PROTOTYPES = YES;
				CLANG_WARN_SUSPICIOUS_MOVE = YES;
				CLANG_WARN_UNGUARDED_AVAILABILITY = YES_AGGRESSIVE;
				CLANG_WARN_UNREACHABLE_CODE = YES;
				CLANG_WARN__DUPLICATE_METHOD_MATCH = YES;
				COPY_PHASE_STRIP = NO;
				DEBUG_INFORMATION_FORMAT = "dwarf-with-dsym";
				ENABLE_NS_ASSERTIONS = NO;
				ENABLE_STRICT_OBJC_MSGSEND = YES;
				GCC_C_LANGUAGE_STANDARD = gnu11;
				GCC_NO_COMMON_BLOCKS = YES;
				GCC_WARN_64_TO_32_BIT_CONVERSION = YES;
				GCC_WARN_ABOUT_RETURN_TYPE = YES_ERROR;
				GCC_WARN_UNDECLARED_SELECTOR = YES;
				GCC_WARN_UNINITIALIZED_AUTOS = YES_AGGRESSIVE;
				GCC_WARN_UNUSED_FUNCTION = YES;
				GCC_WARN_UNUSED_VARIABLE = YES;
				IPHONEOS_DEPLOYMENT_TARGET = 15.2;
				MTL_ENABLE_DEBUG_INFO = NO;
				MTL_FAST_MATH = YES;
				SDKROOT = iphoneos;
				SWIFT_COMPILATION_MODE = wholemodule;
				SWIFT_OPTIMIZATION_LEVEL = "-O";
				VALIDATE_PRODUCT = YES;
			};
			name = Release;
		};
		D35AF9CE27A19A88001A8A5B /* Debug */ = {
			isa = XCBuildConfiguration;
			baseConfigurationReference = 99D901BC37A5869ADFA9A994 /* Pods-chart-view-swiftui.debug.xcconfig */;
			buildSettings = {
				ASSETCATALOG_COMPILER_APPICON_NAME = AppIcon;
				ASSETCATALOG_COMPILER_GLOBAL_ACCENT_COLOR_NAME = AccentColor;
				CODE_SIGN_STYLE = Automatic;
				CURRENT_PROJECT_VERSION = 1;
				DEVELOPMENT_ASSET_PATHS = "\"chart-view-swiftui/Preview Content\"";
				DEVELOPMENT_TEAM = M52WLQFE2R;
				ENABLE_PREVIEWS = YES;
				GENERATE_INFOPLIST_FILE = YES;
				INFOPLIST_KEY_UIApplicationSceneManifest_Generation = YES;
				INFOPLIST_KEY_UIApplicationSupportsIndirectInputEvents = YES;
				INFOPLIST_KEY_UILaunchScreen_Generation = YES;
				INFOPLIST_KEY_UISupportedInterfaceOrientations_iPad = "UIInterfaceOrientationPortrait UIInterfaceOrientationPortraitUpsideDown UIInterfaceOrientationLandscapeLeft UIInterfaceOrientationLandscapeRight";
				INFOPLIST_KEY_UISupportedInterfaceOrientations_iPhone = "UIInterfaceOrientationPortrait UIInterfaceOrientationLandscapeLeft UIInterfaceOrientationLandscapeRight";
				LD_RUNPATH_SEARCH_PATHS = (
					"$(inherited)",
					"@executable_path/Frameworks",
				);
				MARKETING_VERSION = 1.0;
				PRODUCT_BUNDLE_IDENTIFIER = "Ilia-Chub.chart-view-swiftui";
				PRODUCT_NAME = "$(TARGET_NAME)";
				SWIFT_EMIT_LOC_STRINGS = YES;
				SWIFT_VERSION = 5.0;
				TARGETED_DEVICE_FAMILY = 1;
			};
			name = Debug;
		};
		D35AF9CF27A19A88001A8A5B /* Release */ = {
			isa = XCBuildConfiguration;
			baseConfigurationReference = ACB1B1ABE84517763E8BE12B /* Pods-chart-view-swiftui.release.xcconfig */;
			buildSettings = {
				ASSETCATALOG_COMPILER_APPICON_NAME = AppIcon;
				ASSETCATALOG_COMPILER_GLOBAL_ACCENT_COLOR_NAME = AccentColor;
				CODE_SIGN_STYLE = Automatic;
				CURRENT_PROJECT_VERSION = 1;
				DEVELOPMENT_ASSET_PATHS = "\"chart-view-swiftui/Preview Content\"";
				DEVELOPMENT_TEAM = M52WLQFE2R;
				ENABLE_PREVIEWS = YES;
				GENERATE_INFOPLIST_FILE = YES;
				INFOPLIST_KEY_UIApplicationSceneManifest_Generation = YES;
				INFOPLIST_KEY_UIApplicationSupportsIndirectInputEvents = YES;
				INFOPLIST_KEY_UILaunchScreen_Generation = YES;
				INFOPLIST_KEY_UISupportedInterfaceOrientations_iPad = "UIInterfaceOrientationPortrait UIInterfaceOrientationPortraitUpsideDown UIInterfaceOrientationLandscapeLeft UIInterfaceOrientationLandscapeRight";
				INFOPLIST_KEY_UISupportedInterfaceOrientations_iPhone = "UIInterfaceOrientationPortrait UIInterfaceOrientationLandscapeLeft UIInterfaceOrientationLandscapeRight";
				LD_RUNPATH_SEARCH_PATHS = (
					"$(inherited)",
					"@executable_path/Frameworks",
				);
				MARKETING_VERSION = 1.0;
				PRODUCT_BUNDLE_IDENTIFIER = "Ilia-Chub.chart-view-swiftui";
				PRODUCT_NAME = "$(TARGET_NAME)";
				SWIFT_EMIT_LOC_STRINGS = YES;
				SWIFT_VERSION = 5.0;
				TARGETED_DEVICE_FAMILY = 1;
			};
			name = Release;
		};
/* End XCBuildConfiguration section */

/* Begin XCConfigurationList section */
		D35AF9BA27A19A86001A8A5B /* Build configuration list for PBXProject "chart-view-swiftui" */ = {
			isa = XCConfigurationList;
			buildConfigurations = (
				D35AF9CB27A19A88001A8A5B /* Debug */,
				D35AF9CC27A19A88001A8A5B /* Release */,
			);
			defaultConfigurationIsVisible = 0;
			defaultConfigurationName = Release;
		};
		D35AF9CD27A19A88001A8A5B /* Build configuration list for PBXNativeTarget "chart-view-swiftui" */ = {
			isa = XCConfigurationList;
			buildConfigurations = (
				D35AF9CE27A19A88001A8A5B /* Debug */,
				D35AF9CF27A19A88001A8A5B /* Release */,
			);
			defaultConfigurationIsVisible = 0;
			defaultConfigurationName = Release;
		};
/* End XCConfigurationList section */
	};
	rootObject = D35AF9B727A19A86001A8A5B /* Project object */;
}
